
Microsoft Visual Studio Solution File, Format Version 12.00
# Visual Studio Version 17
VisualStudioVersion = 17.4.33213.308
MinimumVisualStudioVersion = 10.0.40219.1
Project("{FAE04EC0-301F-11D3-BF4B-00C04F79EFBC}") = "IEFPSiteWeb", "IEFPSiteWeb\IEFPSiteWeb.csproj", "{F56B84FB-C1B9-44F0-A2D9-ED31D38DBAFA}"
EndProject
Global
	GlobalSection(SolutionConfigurationPlatforms) = preSolution
		Debug|Any CPU = Debug|Any CPU
		Release|Any CPU = Release|Any CPU
	EndGlobalSection
	GlobalSection(ProjectConfigurationPlatforms) = postSolution
		{F56B84FB-C1B9-44F0-A2D9-ED31D38DBAFA}.Debug|Any CPU.ActiveCfg = Debug|Any CPU
		{F56B84FB-C1B9-44F0-A2D9-ED31D38DBAFA}.Debug|Any CPU.Build.0 = Debug|Any CPU
		{F56B84FB-C1B9-44F0-A2D9-ED31D38DBAFA}.Release|Any CPU.ActiveCfg = Release|Any CPU
		{F56B84FB-C1B9-44F0-A2D9-ED31D38DBAFA}.Release|Any CPU.Build.0 = Release|Any CPU
	EndGlobalSection
	GlobalSection(SolutionProperties) = preSolution
		HideSolutionNode = FALSE
	EndGlobalSection
	GlobalSection(ExtensibilityGlobals) = postSolution
		SolutionGuid = {2953ADB1-2C39-4F50-A128-38DBEE06845A}
	EndGlobalSection
EndGlobal
